PODS:
  - device_info_plus (0.0.1):
    - Flutter
  - Flutter (1.0.0)
  - health (1.0.4):
    - Flutter
  - health_metrics_observers (0.2.6):
    - Flutter
  - "permission_handler (5.1.0+2)":
    - Flutter

DEPENDENCIES:
  - device_info_plus (from `.symlinks/plugins/device_info_plus/ios`)
  - Flutter (from `Flutter`)
  - health (from `.symlinks/plugins/health/ios`)
  - health_metrics_observers (from `.symlinks/plugins/health_metrics_observers/ios`)
  - permission_handler (from `.symlinks/plugins/permission_handler/ios`)

EXTERNAL SOURCES:
  device_info_plus:
    :path: ".symlinks/plugins/device_info_plus/ios"
  Flutter:
    :path: Flutter
  health:
    :path: ".symlinks/plugins/health/ios"
  health_metrics_observers:
    :path: ".symlinks/plugins/health_metrics_observers/ios"
  permission_handler:
    :path: ".symlinks/plugins/permission_handler/ios"

SPEC CHECKSUMS:
  device_info_plus: e5c5da33f982a436e103237c0c85f9031142abed
  Flutter: f04841e97a9d0b0a8025694d0796dd46242b2854
  health: 5a380c0f6c4f619535845992993964293962e99e
  health_metrics_observers: 58b6997e59ea22b19f9ebe2269623e3e80a3a9e2
  permission_handler: ccb20a9fad0ee9b1314a52b70b76b473c5f8dab0

PODFILE CHECKSUM: 5c02c93c271aaf106fa91d159874c331a54ad8f8

COCOAPODS: 1.14.3
